{
  "name": "myAlfred",
  "lockfileVersion": 2,
  "requires": true,
  "packages": {
    "": {
      "dependencies": {
        "invoice-number": "^1.0.6"
      }
    },
    "node_modules/invoice-number": {
      "version": "1.0.6",
      "resolved": "https://registry.npmjs.org/invoice-number/-/invoice-number-1.0.6.tgz",
      "integrity": "sha512-j8y2o4QYBi/fK4zsjJHszEHwLVhtg/Q4ClfdwhBJkFBS1WDK9X0k2AgnS6xgYIeuookeDbF6BHt21MZ38g25dg=="
    }
  },
  "dependencies": {
    "invoice-number": {
      "version": "1.0.6",
      "resolved": "https://registry.npmjs.org/invoice-number/-/invoice-number-1.0.6.tgz",
      "integrity": "sha512-j8y2o4QYBi/fK4zsjJHszEHwLVhtg/Q4ClfdwhBJkFBS1WDK9X0k2AgnS6xgYIeuookeDbF6BHt21MZ38g25dg=="
    }
  }
}
